
Microsoft Visual Studio Solution File, Format Version 12.00
# Visual Studio 15
VisualStudioVersion = 15.0.27130.2036
MinimumVisualStudioVersion = 10.0.40219.1
Project("{8BC9CEB8-8B4A-11D0-8D11-00A0C91BC942}") = "task2", "task2\task2.vcxproj", "{E545B2E5-10D7-491B-AB7C-18E7ED97BB9A}"
EndProject
Global
	GlobalSection(SolutionConfigurationPlatforms) = preSolution
		Debug|x64 = Debug|x64
		Debug|x86 = Debug|x86
		Release|x64 = Release|x64
		Release|x86 = Release|x86
	EndGlobalSection
	GlobalSection(ProjectConfigurationPlatforms) = postSolution
		{E545B2E5-10D7-491B-AB7C-18E7ED97BB9A}.Debug|x64.ActiveCfg = Debug|x64
		{E545B2E5-10D7-491B-AB7C-18E7ED97BB9A}.Debug|x64.Build.0 = Debug|x64
		{E545B2E5-10D7-491B-AB7C-18E7ED97BB9A}.Debug|x86.ActiveCfg = Debug|Win32
		{E545B2E5-10D7-491B-AB7C-18E7ED97BB9A}.Debug|x86.Build.0 = Debug|Win32
		{E545B2E5-10D7-491B-AB7C-18E7ED97BB9A}.Release|x64.ActiveCfg = Release|x64
		{E545B2E5-10D7-491B-AB7C-18E7ED97BB9A}.Release|x64.Build.0 = Release|x64
		{E545B2E5-10D7-491B-AB7C-18E7ED97BB9A}.Release|x86.ActiveCfg = Release|Win32
		{E545B2E5-10D7-491B-AB7C-18E7ED97BB9A}.Release|x86.Build.0 = Release|Win32
	EndGlobalSection
	GlobalSection(SolutionProperties) = preSolution
		HideSolutionNode = FALSE
	EndGlobalSection
	GlobalSection(ExtensibilityGlobals) = postSolution
		SolutionGuid = {8A70D40D-9893-495F-8D42-B717F97FDA65}
	EndGlobalSection
EndGlobal
